// !$*UTF8*$!
{
	archiveVersion = 1;
	classes = {
	};
	objectVersion = 46;
	objects = {

/* Begin PBXBuildFile section */
		CE3DF69C1585D9F4008A638A /* ImageIO.framework in Frameworks */ = {isa = PBXBuildFile; fileRef = CE3DF69B1585D9F4008A638A /* ImageIO.framework */; };
		CE3DF6CF1585EF62008A638A /* SDImageCache.m in Sources */ = {isa = PBXBuildFile; fileRef = CE3DF6BD1585EF62008A638A /* SDImageCache.m */; };
		CE3DF6D01585EF62008A638A /* SDWebImageDecoder.m in Sources */ = {isa = PBXBuildFile; fileRef = CE3DF6C11585EF62008A638A /* SDWebImageDecoder.m */; };
		CE3DF6D11585EF62008A638A /* SDWebImageDownloader.m in Sources */ = {isa = PBXBuildFile; fileRef = CE3DF6C31585EF62008A638A /* SDWebImageDownloader.m */; };
		CE3DF6D21585EF62008A638A /* SDWebImageManager.m in Sources */ = {isa = PBXBuildFile; fileRef = CE3DF6C61585EF62008A638A /* SDWebImageManager.m */; };
		CE3DF6D31585EF62008A638A /* SDWebImagePrefetcher.m in Sources */ = {isa = PBXBuildFile; fileRef = CE3DF6C91585EF62008A638A /* SDWebImagePrefetcher.m */; };
		CE3DF6D41585EF62008A638A /* UIButton+WebCache.m in Sources */ = {isa = PBXBuildFile; fileRef = CE3DF6CB1585EF62008A638A /* UIButton+WebCache.m */; };
		CE3DF6D51585EF62008A638A /* UIImageView+WebCache.m in Sources */ = {isa = PBXBuildFile; fileRef = CE3DF6CD1585EF62008A638A /* UIImageView+WebCache.m */; };
		CE75267F15745A6B0081CB7C /* libxml2.dylib in Frameworks */ = {isa = PBXBuildFile; fileRef = CE75267E15745A6B0081CB7C /* libxml2.dylib */; };
		CE75268E157477300081CB7C /* SystemConfiguration.framework in Frameworks */ = {isa = PBXBuildFile; fileRef = CE75268D157477300081CB7C /* SystemConfiguration.framework */; };
		CE7526E4157478580081CB7C /* SDZArrayOfHotel.m in Sources */ = {isa = PBXBuildFile; fileRef = CE752691157478570081CB7C /* SDZArrayOfHotel.m */; };
		CE7526E5157478580081CB7C /* SDZcityHotelList.m in Sources */ = {isa = PBXBuildFile; fileRef = CE752693157478570081CB7C /* SDZcityHotelList.m */; };
		CE7526E6157478580081CB7C /* SDZcityList.m in Sources */ = {isa = PBXBuildFile; fileRef = CE752695157478570081CB7C /* SDZcityList.m */; };
		CE7526E7157478580081CB7C /* SDZHotel.m in Sources */ = {isa = PBXBuildFile; fileRef = CE752697157478570081CB7C /* SDZHotel.m */; };
		CE7526E8157478580081CB7C /* SDZhotelDengJiList.m in Sources */ = {isa = PBXBuildFile; fileRef = CE752699157478570081CB7C /* SDZhotelDengJiList.m */; };
		CE7526E9157478580081CB7C /* SDZServices.m in Sources */ = {isa = PBXBuildFile; fileRef = CE75269B157478570081CB7C /* SDZServices.m */; };
		CE7526EA157478580081CB7C /* SDZstring2ArrayOfHotelMap.m in Sources */ = {isa = PBXBuildFile; fileRef = CE75269D157478570081CB7C /* SDZstring2ArrayOfHotelMap.m */; };
		CE7526EB157478580081CB7C /* SDZUser.m in Sources */ = {isa = PBXBuildFile; fileRef = CE75269F157478570081CB7C /* SDZUser.m */; };
		CE7526EC157478580081CB7C /* SDZYuDingComment.m in Sources */ = {isa = PBXBuildFile; fileRef = CE7526A1157478570081CB7C /* SDZYuDingComment.m */; };
		CE7526ED157478580081CB7C /* SDZYuDingCommentList.m in Sources */ = {isa = PBXBuildFile; fileRef = CE7526A3157478570081CB7C /* SDZYuDingCommentList.m */; };
		CE7526EE157478580081CB7C /* SDZYuDingRoom.m in Sources */ = {isa = PBXBuildFile; fileRef = CE7526A5157478570081CB7C /* SDZYuDingRoom.m */; };
		CE7526EF157478580081CB7C /* SDZYuDingRoomList.m in Sources */ = {isa = PBXBuildFile; fileRef = CE7526A7157478570081CB7C /* SDZYuDingRoomList.m */; };
		CE7526F0157478580081CB7C /* SDZYuDingRoomService.m in Sources */ = {isa = PBXBuildFile; fileRef = CE7526A9157478570081CB7C /* SDZYuDingRoomService.m */; };
		CE7526F1157478580081CB7C /* Soap+Prefix.m in Sources */ = {isa = PBXBuildFile; fileRef = CE7526AB157478570081CB7C /* Soap+Prefix.m */; };
		CE7526F2157478580081CB7C /* NSData+Base64.m in Sources */ = {isa = PBXBuildFile; fileRef = CE7526AE157478570081CB7C /* NSData+Base64.m */; };
		CE7526F3157478580081CB7C /* NSMutableArray+Soap.m in Sources */ = {isa = PBXBuildFile; fileRef = CE7526B0157478570081CB7C /* NSMutableArray+Soap.m */; };
		CE7526F4157478580081CB7C /* Soap.m in Sources */ = {isa = PBXBuildFile; fileRef = CE7526B2157478570081CB7C /* Soap.m */; };
		CE7526F5157478580081CB7C /* SoapArray.m in Sources */ = {isa = PBXBuildFile; fileRef = CE7526B4157478570081CB7C /* SoapArray.m */; };
		CE7526F6157478580081CB7C /* SoapFault.m in Sources */ = {isa = PBXBuildFile; fileRef = CE7526B7157478570081CB7C /* SoapFault.m */; };
		CE7526F7157478580081CB7C /* SoapHandler.m in Sources */ = {isa = PBXBuildFile; fileRef = CE7526B9157478570081CB7C /* SoapHandler.m */; };
		CE7526F8157478580081CB7C /* SoapLiteral.m in Sources */ = {isa = PBXBuildFile; fileRef = CE7526BB157478570081CB7C /* SoapLiteral.m */; };
		CE7526F9157478580081CB7C /* SoapNil.m in Sources */ = {isa = PBXBuildFile; fileRef = CE7526BD157478570081CB7C /* SoapNil.m */; };
		CE7526FA157478580081CB7C /* SoapObject.m in Sources */ = {isa = PBXBuildFile; fileRef = CE7526BF157478570081CB7C /* SoapObject.m */; };
		CE7526FB157478580081CB7C /* SoapParameter.m in Sources */ = {isa = PBXBuildFile; fileRef = CE7526C1157478570081CB7C /* SoapParameter.m */; };
		CE7526FC157478580081CB7C /* SoapReachability.m in Sources */ = {isa = PBXBuildFile; fileRef = CE7526C3157478570081CB7C /* SoapReachability.m */; };
		CE7526FD157478580081CB7C /* SoapRequest.m in Sources */ = {isa = PBXBuildFile; fileRef = CE7526C5157478570081CB7C /* SoapRequest.m */; };
		CE7526FE157478580081CB7C /* SoapService.m in Sources */ = {isa = PBXBuildFile; fileRef = CE7526C7157478570081CB7C /* SoapService.m */; };
		CE7526FF157478580081CB7C /* CTidy.m in Sources */ = {isa = PBXBuildFile; fileRef = CE7526CA157478570081CB7C /* CTidy.m */; };
		CE752700157478580081CB7C /* CXHTMLDocument.m in Sources */ = {isa = PBXBuildFile; fileRef = CE7526CC157478570081CB7C /* CXHTMLDocument.m */; };
		CE752701157478580081CB7C /* CXMLDocument.m in Sources */ = {isa = PBXBuildFile; fileRef = CE7526CE157478570081CB7C /* CXMLDocument.m */; };
		CE752702157478580081CB7C /* CXMLDocument_CreationExtensions.m in Sources */ = {isa = PBXBuildFile; fileRef = CE7526D0157478570081CB7C /* CXMLDocument_CreationExtensions.m */; };
		CE752703157478580081CB7C /* CXMLDocument_PrivateExtensions.m in Sources */ = {isa = PBXBuildFile; fileRef = CE7526D2157478570081CB7C /* CXMLDocument_PrivateExtensions.m */; };
		CE752704157478580081CB7C /* CXMLElement.m in Sources */ = {isa = PBXBuildFile; fileRef = CE7526D4157478570081CB7C /* CXMLElement.m */; };
		CE752705157478580081CB7C /* CXMLElement_CreationExtensions.m in Sources */ = {isa = PBXBuildFile; fileRef = CE7526D6157478570081CB7C /* CXMLElement_CreationExtensions.m */; };
		CE752706157478580081CB7C /* CXMLElement_ElementTreeExtensions.m in Sources */ = {isa = PBXBuildFile; fileRef = CE7526D8157478570081CB7C /* CXMLElement_ElementTreeExtensions.m */; };
		CE752707157478580081CB7C /* CXMLNamespaceNode.m in Sources */ = {isa = PBXBuildFile; fileRef = CE7526DA157478570081CB7C /* CXMLNamespaceNode.m */; };
		CE752708157478580081CB7C /* CXMLNode.m in Sources */ = {isa = PBXBuildFile; fileRef = CE7526DC157478570081CB7C /* CXMLNode.m */; };
		CE752709157478580081CB7C /* CXMLNode_CreationExtensions.m in Sources */ = {isa = PBXBuildFile; fileRef = CE7526DE157478570081CB7C /* CXMLNode_CreationExtensions.m */; };
		CE75270A157478580081CB7C /* CXMLNode_PrivateExtensions.m in Sources */ = {isa = PBXBuildFile; fileRef = CE7526E0157478570081CB7C /* CXMLNode_PrivateExtensions.m */; };
		CE75270B157478580081CB7C /* CXMLNode_XPathExtensions.m in Sources */ = {isa = PBXBuildFile; fileRef = CE7526E2157478570081CB7C /* CXMLNode_XPathExtensions.m */; };
		CE7527121574A30A0081CB7C /* SDZUserService.m in Sources */ = {isa = PBXBuildFile; fileRef = CE7527111574A30A0081CB7C /* SDZUserService.m */; };
		CE76C06E15803DB2006C5320 /* whiteArrow.png in Resources */ = {isa = PBXBuildFile; fileRef = CE76C06615803DB2006C5320 /* whiteArrow.png */; };
		CE76C06F15803DB2006C5320 /* whiteArrow@2x.png in Resources */ = {isa = PBXBuildFile; fileRef = CE76C06715803DB2006C5320 /* whiteArrow@2x.png */; };
		CE76C07015803DB2006C5320 /* grayArrow.png in Resources */ = {isa = PBXBuildFile; fileRef = CE76C06815803DB2006C5320 /* grayArrow.png */; };
		CE76C07115803DB2006C5320 /* grayArrow@2x.png in Resources */ = {isa = PBXBuildFile; fileRef = CE76C06915803DB2006C5320 /* grayArrow@2x.png */; };
		CE76C07215803DB2006C5320 /* blackArrow.png in Resources */ = {isa = PBXBuildFile; fileRef = CE76C06A15803DB2006C5320 /* blackArrow.png */; };
		CE76C07315803DB2006C5320 /* blackArrow@2x.png in Resources */ = {isa = PBXBuildFile; fileRef = CE76C06B15803DB2006C5320 /* blackArrow@2x.png */; };
		CE76C07415803DB2006C5320 /* blueArrow.png in Resources */ = {isa = PBXBuildFile; fileRef = CE76C06C15803DB2006C5320 /* blueArrow.png */; };
		CE76C07515803DB2006C5320 /* blueArrow@2x.png in Resources */ = {isa = PBXBuildFile; fileRef = CE76C06D15803DB2006C5320 /* blueArrow@2x.png */; };
		CE76C07C158048D5006C5320 /* EGORefreshTableHeaderView.m in Sources */ = {isa = PBXBuildFile; fileRef = CE76C07B158048D5006C5320 /* EGORefreshTableHeaderView.m */; settings = {COMPILER_FLAGS = "-fno-objc-arc"; }; };
		CE774770156DD05D00BE3B05 /* loginViewController.m in Sources */ = {isa = PBXBuildFile; fileRef = CE77476F156DD05D00BE3B05 /* loginViewController.m */; };
		CE774780156E1FF900BE3B05 /* registerViewController.m in Sources */ = {isa = PBXBuildFile; fileRef = CE77477F156E1FF900BE3B05 /* registerViewController.m */; };
		CE774E8E15819C9500D46012 /* IntroTabViewController.m in Sources */ = {isa = PBXBuildFile; fileRef = CE774E8D15819C9500D46012 /* IntroTabViewController.m */; };
		CE79124F156F1C7300EF29B8 /* button_nor.png in Resources */ = {isa = PBXBuildFile; fileRef = CE79124D156F1C7300EF29B8 /* button_nor.png */; };
		CE791250156F1C7300EF29B8 /* button_pressed.png in Resources */ = {isa = PBXBuildFile; fileRef = CE79124E156F1C7300EF29B8 /* button_pressed.png */; };
		CE791258156F73DB00EF29B8 /* QuartzCore.framework in Frameworks */ = {isa = PBXBuildFile; fileRef = CE791256156F73CC00EF29B8 /* QuartzCore.framework */; };
		CE791268156F8F6200EF29B8 /* navigation_bar_bg@2x.png in Resources */ = {isa = PBXBuildFile; fileRef = CE791267156F8F6200EF29B8 /* navigation_bar_bg@2x.png */; };
		CE79E02D1585983900722D4F /* HotelIntroViewController.m in Sources */ = {isa = PBXBuildFile; fileRef = CE79E02C1585983900722D4F /* HotelIntroViewController.m */; };
		CE79E03115859B9800722D4F /* HotelIntroImageViewController.m in Sources */ = {isa = PBXBuildFile; fileRef = CE79E03015859B9800722D4F /* HotelIntroImageViewController.m */; };
		CE7B29B3156A1E930055CCDD /* IntroViewController.m in Sources */ = {isa = PBXBuildFile; fileRef = CE7B29B2156A1E930055CCDD /* IntroViewController.m */; };
		CE7B29BA156A3A290055CCDD /* introImageViewController.m in Sources */ = {isa = PBXBuildFile; fileRef = CE7B29B9156A3A290055CCDD /* introImageViewController.m */; };
		CE7B377B15738400001BC002 /* wsdltest.m in Sources */ = {isa = PBXBuildFile; fileRef = CE7B377A15738400001BC002 /* wsdltest.m */; };
		CE7B713E15785F9F0059F635 /* cityListViewController.m in Sources */ = {isa = PBXBuildFile; fileRef = CE7B713D15785F9F0059F635 /* cityListViewController.m */; };
		CE7C2B5C156CB83900B09B7F /* h1.Jpg in Resources */ = {isa = PBXBuildFile; fileRef = CE7C2B54156CB83900B09B7F /* h1.Jpg */; };
		CE7C2B5D156CB83900B09B7F /* h2.jpg in Resources */ = {isa = PBXBuildFile; fileRef = CE7C2B55156CB83900B09B7F /* h2.jpg */; };
		CE7C2B5E156CB83900B09B7F /* h3.jpg in Resources */ = {isa = PBXBuildFile; fileRef = CE7C2B56156CB83900B09B7F /* h3.jpg */; };
		CE7C2B5F156CB83900B09B7F /* h4.jpg in Resources */ = {isa = PBXBuildFile; fileRef = CE7C2B57156CB83900B09B7F /* h4.jpg */; };
		CE7C2B60156CB83900B09B7F /* h5.jpg in Resources */ = {isa = PBXBuildFile; fileRef = CE7C2B58156CB83900B09B7F /* h5.jpg */; };
		CE7C2B61156CB83900B09B7F /* h6.jpg in Resources */ = {isa = PBXBuildFile; fileRef = CE7C2B59156CB83900B09B7F /* h6.jpg */; };
		CE7C2B62156CB83900B09B7F /* h7.jpg in Resources */ = {isa = PBXBuildFile; fileRef = CE7C2B5A156CB83900B09B7F /* h7.jpg */; };
		CE7C2B63156CB83900B09B7F /* h8.Jpg in Resources */ = {isa = PBXBuildFile; fileRef = CE7C2B5B156CB83900B09B7F /* h8.Jpg */; };
		CE7F501915625A18007AD4A5 /* UIKit.framework in Frameworks */ = {isa = PBXBuildFile; fileRef = CE7F501815625A18007AD4A5 /* UIKit.framework */; };
		CE7F501B15625A18007AD4A5 /* Foundation.framework in Frameworks */ = {isa = PBXBuildFile; fileRef = CE7F501A15625A18007AD4A5 /* Foundation.framework */; };
		CE7F501D15625A18007AD4A5 /* CoreGraphics.framework in Frameworks */ = {isa = PBXBuildFile; fileRef = CE7F501C15625A18007AD4A5 /* CoreGraphics.framework */; };
		CE7F502315625A18007AD4A5 /* InfoPlist.strings in Resources */ = {isa = PBXBuildFile; fileRef = CE7F502115625A18007AD4A5 /* InfoPlist.strings */; };
		CE7F502515625A18007AD4A5 /* main.m in Sources */ = {isa = PBXBuildFile; fileRef = CE7F502415625A18007AD4A5 /* main.m */; };
		CE7F502915625A18007AD4A5 /* dfAppDelegate.m in Sources */ = {isa = PBXBuildFile; fileRef = CE7F502815625A18007AD4A5 /* dfAppDelegate.m */; };
		CE7F502C15625A18007AD4A5 /* MainStoryboard.storyboard in Resources */ = {isa = PBXBuildFile; fileRef = CE7F502A15625A18007AD4A5 /* MainStoryboard.storyboard */; };
		CE7F502F15625A18007AD4A5 /* dfViewController.m in Sources */ = {isa = PBXBuildFile; fileRef = CE7F502E15625A18007AD4A5 /* dfViewController.m */; };
		CE7FAF23156B2E2100EEAB8F /* 01.png in Resources */ = {isa = PBXBuildFile; fileRef = CE7FAF20156B2E2100EEAB8F /* 01.png */; };
		CE7FAF24156B2E2100EEAB8F /* 02.png in Resources */ = {isa = PBXBuildFile; fileRef = CE7FAF21156B2E2100EEAB8F /* 02.png */; };
		CE7FAF25156B2E2100EEAB8F /* 03.png in Resources */ = {isa = PBXBuildFile; fileRef = CE7FAF22156B2E2100EEAB8F /* 03.png */; };
		CEA8C7541564A7A7009D4453 /* coffee_cup.png in Resources */ = {isa = PBXBuildFile; fileRef = CEA8C7531564A7A7009D4453 /* coffee_cup.png */; };
		CEA8C7571564A829009D4453 /* userPhoto.png in Resources */ = {isa = PBXBuildFile; fileRef = CEA8C7561564A829009D4453 /* userPhoto.png */; };
		CEA8C7591564A882009D4453 /* user.png in Resources */ = {isa = PBXBuildFile; fileRef = CEA8C7581564A882009D4453 /* user.png */; };
		CEA8C7781564E5B9009D4453 /* areabtn.png in Resources */ = {isa = PBXBuildFile; fileRef = CEA8C7771564E5B9009D4453 /* areabtn.png */; };
		CEEC373D1563457300B888A0 /* LCEOpAjXO_wood.jpeg in Resources */ = {isa = PBXBuildFile; fileRef = CEEC373C1563457300B888A0 /* LCEOpAjXO_wood.jpeg */; };
		CEEC378C15638A0400B888A0 /* BIDTaskListController.m in Sources */ = {isa = PBXBuildFile; fileRef = CEEC378B15638A0400B888A0 /* BIDTaskListController.m */; };
		CEF9DE551573455800BB15CD /* detailinfonavbg.png in Resources */ = {isa = PBXBuildFile; fileRef = CEF9DE531573455800BB15CD /* detailinfonavbg.png */; };
		CEF9DE561573455800BB15CD /* detailinfonavbg@2x.png in Resources */ = {isa = PBXBuildFile; fileRef = CEF9DE541573455800BB15CD /* detailinfonavbg@2x.png */; };
/* End PBXBuildFile section */

/* Begin PBXFileReference section */
		CE3DF69B1585D9F4008A638A /* ImageIO.framework */ = {isa = PBXFileReference; lastKnownFileType = wrapper.framework; name = ImageIO.framework; path = System/Library/Frameworks/ImageIO.framework; sourceTree = SDKROOT; };
		CE3DF6BC1585EF62008A638A /* SDImageCache.h */ = {isa = PBXFileReference; fileEncoding = 4; lastKnownFileType = sourcecode.c.h; path = SDImageCache.h; sourceTree = "<group>"; };
		CE3DF6BD1585EF62008A638A /* SDImageCache.m */ = {isa = PBXFileReference; fileEncoding = 4; lastKnownFileType = sourcecode.c.objc; path = SDImageCache.m; sourceTree = "<group>"; };
		CE3DF6BE1585EF62008A638A /* SDImageCacheDelegate.h */ = {isa = PBXFileReference; fileEncoding = 4; lastKnownFileType = sourcecode.c.h; path = SDImageCacheDelegate.h; sourceTree = "<group>"; };
		CE3DF6BF1585EF62008A638A /* SDWebImageCompat.h */ = {isa = PBXFileReference; fileEncoding = 4; lastKnownFileType = sourcecode.c.h; path = SDWebImageCompat.h; sourceTree = "<group>"; };
		CE3DF6C01585EF62008A638A /* SDWebImageDecoder.h */ = {isa = PBXFileReference; fileEncoding = 4; lastKnownFileType = sourcecode.c.h; path = SDWebImageDecoder.h; sourceTree = "<group>"; };
		CE3DF6C11585EF62008A638A /* SDWebImageDecoder.m */ = {isa = PBXFileReference; fileEncoding = 4; lastKnownFileType = sourcecode.c.objc; path = SDWebImageDecoder.m; sourceTree = "<group>"; };
		CE3DF6C21585EF62008A638A /* SDWebImageDownloader.h */ = {isa = PBXFileReference; fileEncoding = 4; lastKnownFileType = sourcecode.c.h; path = SDWebImageDownloader.h; sourceTree = "<group>"; };
		CE3DF6C31585EF62008A638A /* SDWebImageDownloader.m */ = {isa = PBXFileReference; fileEncoding = 4; lastKnownFileType = sourcecode.c.objc; path = SDWebImageDownloader.m; sourceTree = "<group>"; };
		CE3DF6C41585EF62008A638A /* SDWebImageDownloaderDelegate.h */ = {isa = PBXFileReference; fileEncoding = 4; lastKnownFileType = sourcecode.c.h; path = SDWebImageDownloaderDelegate.h; sourceTree = "<group>"; };
		CE3DF6C51585EF62008A638A /* SDWebImageManager.h */ = {isa = PBXFileReference; fileEncoding = 4; lastKnownFileType = sourcecode.c.h; path = SDWebImageManager.h; sourceTree = "<group>"; };
		CE3DF6C61585EF62008A638A /* SDWebImageManager.m */ = {isa = PBXFileReference; fileEncoding = 4; lastKnownFileType = sourcecode.c.objc; path = SDWebImageManager.m; sourceTree = "<group>"; };
		CE3DF6C71585EF62008A638A /* SDWebImageManagerDelegate.h */ = {isa = PBXFileReference; fileEncoding = 4; lastKnownFileType = sourcecode.c.h; path = SDWebImageManagerDelegate.h; sourceTree = "<group>"; };
		CE3DF6C81585EF62008A638A /* SDWebImagePrefetcher.h */ = {isa = PBXFileReference; fileEncoding = 4; lastKnownFileType = sourcecode.c.h; path = SDWebImagePrefetcher.h; sourceTree = "<group>"; };
		CE3DF6C91585EF62008A638A /* SDWebImagePrefetcher.m */ = {isa = PBXFileReference; fileEncoding = 4; lastKnownFileType = sourcecode.c.objc; path = SDWebImagePrefetcher.m; sourceTree = "<group>"; };
		CE3DF6CA1585EF62008A638A /* UIButton+WebCache.h */ = {isa = PBXFileReference; fileEncoding = 4; lastKnownFileType = sourcecode.c.h; path = "UIButton+WebCache.h"; sourceTree = "<group>"; };
		CE3DF6CB1585EF62008A638A /* UIButton+WebCache.m */ = {isa = PBXFileReference; fileEncoding = 4; lastKnownFileType = sourcecode.c.objc; path = "UIButton+WebCache.m"; sourceTree = "<group>"; };
		CE3DF6CC1585EF62008A638A /* UIImageView+WebCache.h */ = {isa = PBXFileReference; fileEncoding = 4; lastKnownFileType = sourcecode.c.h; path = "UIImageView+WebCache.h"; sourceTree = "<group>"; };
		CE3DF6CD1585EF62008A638A /* UIImageView+WebCache.m */ = {isa = PBXFileReference; fileEncoding = 4; lastKnownFileType = sourcecode.c.objc; path = "UIImageView+WebCache.m"; sourceTree = "<group>"; };
		CE75267E15745A6B0081CB7C /* libxml2.dylib */ = {isa = PBXFileReference; lastKnownFileType = "compiled.mach-o.dylib"; name = libxml2.dylib; path = usr/lib/libxml2.dylib; sourceTree = SDKROOT; };
		CE75268D157477300081CB7C /* SystemConfiguration.framework */ = {isa = PBXFileReference; lastKnownFileType = wrapper.framework; name = SystemConfiguration.framework; path = System/Library/Frameworks/SystemConfiguration.framework; sourceTree = SDKROOT; };
		CE752690157478570081CB7C /* SDZArrayOfHotel.h */ = {isa = PBXFileReference; fileEncoding = 4; lastKnownFileType = sourcecode.c.h; path = SDZArrayOfHotel.h; sourceTree = "<group>"; };
		CE752691157478570081CB7C /* SDZArrayOfHotel.m */ = {isa = PBXFileReference; fileEncoding = 4; lastKnownFileType = sourcecode.c.objc; path = SDZArrayOfHotel.m; sourceTree = "<group>"; };
		CE752692157478570081CB7C /* SDZcityHotelList.h */ = {isa = PBXFileReference; fileEncoding = 4; lastKnownFileType = sourcecode.c.h; path = SDZcityHotelList.h; sourceTree = "<group>"; };
		CE752693157478570081CB7C /* SDZcityHotelList.m */ = {isa = PBXFileReference; fileEncoding = 4; lastKnownFileType = sourcecode.c.objc; path = SDZcityHotelList.m; sourceTree = "<group>"; };
		CE752694157478570081CB7C /* SDZcityList.h */ = {isa = PBXFileReference; fileEncoding = 4; lastKnownFileType = sourcecode.c.h; path = SDZcityList.h; sourceTree = "<group>"; };
		CE752695157478570081CB7C /* SDZcityList.m */ = {isa = PBXFileReference; fileEncoding = 4; lastKnownFileType = sourcecode.c.objc; path = SDZcityList.m; sourceTree = "<group>"; };
		CE752696157478570081CB7C /* SDZHotel.h */ = {isa = PBXFileReference; fileEncoding = 4; lastKnownFileType = sourcecode.c.h; path = SDZHotel.h; sourceTree = "<group>"; };
		CE752697157478570081CB7C /* SDZHotel.m */ = {isa = PBXFileReference; fileEncoding = 4; lastKnownFileType = sourcecode.c.objc; path = SDZHotel.m; sourceTree = "<group>"; };
		CE752698157478570081CB7C /* SDZhotelDengJiList.h */ = {isa = PBXFileReference; fileEncoding = 4; lastKnownFileType = sourcecode.c.h; path = SDZhotelDengJiList.h; sourceTree = "<group>"; };
		CE752699157478570081CB7C /* SDZhotelDengJiList.m */ = {isa = PBXFileReference; fileEncoding = 4; lastKnownFileType = sourcecode.c.objc; path = SDZhotelDengJiList.m; sourceTree = "<group>"; };
		CE75269A157478570081CB7C /* SDZServices.h */ = {isa = PBXFileReference; fileEncoding = 4; lastKnownFileType = sourcecode.c.h; path = SDZServices.h; sourceTree = "<group>"; };
		CE75269B157478570081CB7C /* SDZServices.m */ = {isa = PBXFileReference; fileEncoding = 4; lastKnownFileType = sourcecode.c.objc; path = SDZServices.m; sourceTree = "<group>"; };
		CE75269C157478570081CB7C /* SDZstring2ArrayOfHotelMap.h */ = {isa = PBXFileReference; fileEncoding = 4; lastKnownFileType = sourcecode.c.h; path = SDZstring2ArrayOfHotelMap.h; sourceTree = "<group>"; };
		CE75269D157478570081CB7C /* SDZstring2ArrayOfHotelMap.m */ = {isa = PBXFileReference; fileEncoding = 4; lastKnownFileType = sourcecode.c.objc; path = SDZstring2ArrayOfHotelMap.m; sourceTree = "<group>"; };
		CE75269E157478570081CB7C /* SDZUser.h */ = {isa = PBXFileReference; fileEncoding = 4; lastKnownFileType = sourcecode.c.h; path = SDZUser.h; sourceTree = "<group>"; };
		CE75269F157478570081CB7C /* SDZUser.m */ = {isa = PBXFileReference; fileEncoding = 4; lastKnownFileType = sourcecode.c.objc; path = SDZUser.m; sourceTree = "<group>"; };
		CE7526A0157478570081CB7C /* SDZYuDingComment.h */ = {isa = PBXFileReference; fileEncoding = 4; lastKnownFileType = sourcecode.c.h; path = SDZYuDingComment.h; sourceTree = "<group>"; };
		CE7526A1157478570081CB7C /* SDZYuDingComment.m */ = {isa = PBXFileReference; fileEncoding = 4; lastKnownFileType = sourcecode.c.objc; path = SDZYuDingComment.m; sourceTree = "<group>"; };
		CE7526A2157478570081CB7C /* SDZYuDingCommentList.h */ = {isa = PBXFileReference; fileEncoding = 4; lastKnownFileType = sourcecode.c.h; path = SDZYuDingCommentList.h; sourceTree = "<group>"; };
		CE7526A3157478570081CB7C /* SDZYuDingCommentList.m */ = {isa = PBXFileReference; fileEncoding = 4; lastKnownFileType = sourcecode.c.objc; path = SDZYuDingCommentList.m; sourceTree = "<group>"; };
		CE7526A4157478570081CB7C /* SDZYuDingRoom.h */ = {isa = PBXFileReference; fileEncoding = 4; lastKnownFileType = sourcecode.c.h; path = SDZYuDingRoom.h; sourceTree = "<group>"; };
		CE7526A5157478570081CB7C /* SDZYuDingRoom.m */ = {isa = PBXFileReference; fileEncoding = 4; lastKnownFileType = sourcecode.c.objc; path = SDZYuDingRoom.m; sourceTree = "<group>"; };
		CE7526A6157478570081CB7C /* SDZYuDingRoomList.h */ = {isa = PBXFileReference; fileEncoding = 4; lastKnownFileType = sourcecode.c.h; path = SDZYuDingRoomList.h; sourceTree = "<group>"; };
		CE7526A7157478570081CB7C /* SDZYuDingRoomList.m */ = {isa = PBXFileReference; fileEncoding = 4; lastKnownFileType = sourcecode.c.objc; path = SDZYuDingRoomList.m; sourceTree = "<group>"; };
		CE7526A8157478570081CB7C /* SDZYuDingRoomService.h */ = {isa = PBXFileReference; fileEncoding = 4; lastKnownFileType = sourcecode.c.h; path = SDZYuDingRoomService.h; sourceTree = "<group>"; };
		CE7526A9157478570081CB7C /* SDZYuDingRoomService.m */ = {isa = PBXFileReference; fileEncoding = 4; lastKnownFileType = sourcecode.c.objc; path = SDZYuDingRoomService.m; sourceTree = "<group>"; };
		CE7526AA157478570081CB7C /* Soap+Prefix.h */ = {isa = PBXFileReference; fileEncoding = 4; lastKnownFileType = sourcecode.c.h; path = "Soap+Prefix.h"; sourceTree = "<group>"; };
		CE7526AB157478570081CB7C /* Soap+Prefix.m */ = {isa = PBXFileReference; fileEncoding = 4; lastKnownFileType = sourcecode.c.objc; path = "Soap+Prefix.m"; sourceTree = "<group>"; };
		CE7526AD157478570081CB7C /* NSData+Base64.h */ = {isa = PBXFileReference; fileEncoding = 4; lastKnownFileType = sourcecode.c.h; path = "NSData+Base64.h"; sourceTree = "<group>"; };
		CE7526AE157478570081CB7C /* NSData+Base64.m */ = {isa = PBXFileReference; fileEncoding = 4; lastKnownFileType = sourcecode.c.objc; path = "NSData+Base64.m"; sourceTree = "<group>"; };
		CE7526AF157478570081CB7C /* NSMutableArray+Soap.h */ = {isa = PBXFileReference; fileEncoding = 4; lastKnownFileType = sourcecode.c.h; path = "NSMutableArray+Soap.h"; sourceTree = "<group>"; };
		CE7526B0157478570081CB7C /* NSMutableArray+Soap.m */ = {isa = PBXFileReference; fileEncoding = 4; lastKnownFileType = sourcecode.c.objc; path = "NSMutableArray+Soap.m"; sourceTree = "<group>"; };
		CE7526B1157478570081CB7C /* Soap.h */ = {isa = PBXFileReference; fileEncoding = 4; lastKnownFileType = sourcecode.c.h; path = Soap.h; sourceTree = "<group>"; };
		CE7526B2157478570081CB7C /* Soap.m */ = {isa = PBXFileReference; fileEncoding = 4; lastKnownFileType = sourcecode.c.objc; path = Soap.m; sourceTree = "<group>"; };
		CE7526B3157478570081CB7C /* SoapArray.h */ = {isa = PBXFileReference; fileEncoding = 4; lastKnownFileType = sourcecode.c.h; path = SoapArray.h; sourceTree = "<group>"; };
		CE7526B4157478570081CB7C /* SoapArray.m */ = {isa = PBXFileReference; fileEncoding = 4; lastKnownFileType = sourcecode.c.objc; path = SoapArray.m; sourceTree = "<group>"; };
		CE7526B5157478570081CB7C /* SoapDelegate.h */ = {isa = PBXFileReference; fileEncoding = 4; lastKnownFileType = sourcecode.c.h; path = SoapDelegate.h; sourceTree = "<group>"; };
		CE7526B6157478570081CB7C /* SoapFault.h */ = {isa = PBXFileReference; fileEncoding = 4; lastKnownFileType = sourcecode.c.h; path = SoapFault.h; sourceTree = "<group>"; };
		CE7526B7157478570081CB7C /* SoapFault.m */ = {isa = PBXFileReference; fileEncoding = 4; lastKnownFileType = sourcecode.c.objc; path = SoapFault.m; sourceTree = "<group>"; };
		CE7526B8157478570081CB7C /* SoapHandler.h */ = {isa = PBXFileReference; fileEncoding = 4; lastKnownFileType = sourcecode.c.h; path = SoapHandler.h; sourceTree = "<group>"; };
		CE7526B9157478570081CB7C /* SoapHandler.m */ = {isa = PBXFileReference; fileEncoding = 4; lastKnownFileType = sourcecode.c.objc; path = SoapHandler.m; sourceTree = "<group>"; };
		CE7526BA157478570081CB7C /* SoapLiteral.h */ = {isa = PBXFileReference; fileEncoding = 4; lastKnownFileType = sourcecode.c.h; path = SoapLiteral.h; sourceTree = "<group>"; };
		CE7526BB157478570081CB7C /* SoapLiteral.m */ = {isa = PBXFileReference; fileEncoding = 4; lastKnownFileType = sourcecode.c.objc; path = SoapLiteral.m; sourceTree = "<group>"; };
		CE7526BC157478570081CB7C /* SoapNil.h */ = {isa = PBXFileReference; fileEncoding = 4; lastKnownFileType = sourcecode.c.h; path = SoapNil.h; sourceTree = "<group>"; };
		CE7526BD157478570081CB7C /* SoapNil.m */ = {isa = PBXFileReference; fileEncoding = 4; lastKnownFileType = sourcecode.c.objc; path = SoapNil.m; sourceTree = "<group>"; };
		CE7526BE157478570081CB7C /* SoapObject.h */ = {isa = PBXFileReference; fileEncoding = 4; lastKnownFileType = sourcecode.c.h; path = SoapObject.h; sourceTree = "<group>"; };
		CE7526BF157478570081CB7C /* SoapObject.m */ = {isa = PBXFileReference; fileEncoding = 4; lastKnownFileType = sourcecode.c.objc; path = SoapObject.m; sourceTree = "<group>"; };
		CE7526C0157478570081CB7C /* SoapParameter.h */ = {isa = PBXFileReference; fileEncoding = 4; lastKnownFileType = sourcecode.c.h; path = SoapParameter.h; sourceTree = "<group>"; };
		CE7526C1157478570081CB7C /* SoapParameter.m */ = {isa = PBXFileReference; fileEncoding = 4; lastKnownFileType = sourcecode.c.objc; path = SoapParameter.m; sourceTree = "<group>"; };
		CE7526C2157478570081CB7C /* SoapReachability.h */ = {isa = PBXFileReference; fileEncoding = 4; lastKnownFileType = sourcecode.c.h; path = SoapReachability.h; sourceTree = "<group>"; };
		CE7526C3157478570081CB7C /* SoapReachability.m */ = {isa = PBXFileReference; fileEncoding = 4; lastKnownFileType = sourcecode.c.objc; path = SoapReachability.m; sourceTree = "<group>"; };
		CE7526C4157478570081CB7C /* SoapRequest.h */ = {isa = PBXFileReference; fileEncoding = 4; lastKnownFileType = sourcecode.c.h; path = SoapRequest.h; sourceTree = "<group>"; };
		CE7526C5157478570081CB7C /* SoapRequest.m */ = {isa = PBXFileReference; fileEncoding = 4; lastKnownFileType = sourcecode.c.objc; path = SoapRequest.m; sourceTree = "<group>"; };
		CE7526C6157478570081CB7C /* SoapService.h */ = {isa = PBXFileReference; fileEncoding = 4; lastKnownFileType = sourcecode.c.h; path = SoapService.h; sourceTree = "<group>"; };
		CE7526C7157478570081CB7C /* SoapService.m */ = {isa = PBXFileReference; fileEncoding = 4; lastKnownFileType = sourcecode.c.objc; path = SoapService.m; sourceTree = "<group>"; };
		CE7526C9157478570081CB7C /* CTidy.h */ = {isa = PBXFileReference; fileEncoding = 4; lastKnownFileType = sourcecode.c.h; path = CTidy.h; sourceTree = "<group>"; };
		CE7526CA157478570081CB7C /* CTidy.m */ = {isa = PBXFileReference; fileEncoding = 4; lastKnownFileType = sourcecode.c.objc; path = CTidy.m; sourceTree = "<group>"; };
		CE7526CB157478570081CB7C /* CXHTMLDocument.h */ = {isa = PBXFileReference; fileEncoding = 4; lastKnownFileType = sourcecode.c.h; path = CXHTMLDocument.h; sourceTree = "<group>"; };
		CE7526CC157478570081CB7C /* CXHTMLDocument.m */ = {isa = PBXFileReference; fileEncoding = 4; lastKnownFileType = sourcecode.c.objc; path = CXHTMLDocument.m; sourceTree = "<group>"; };
		CE7526CD157478570081CB7C /* CXMLDocument.h */ = {isa = PBXFileReference; fileEncoding = 4; lastKnownFileType = sourcecode.c.h; path = CXMLDocument.h; sourceTree = "<group>"; };
		CE7526CE157478570081CB7C /* CXMLDocument.m */ = {isa = PBXFileReference; fileEncoding = 4; lastKnownFileType = sourcecode.c.objc; path = CXMLDocument.m; sourceTree = "<group>"; };
		CE7526CF157478570081CB7C /* CXMLDocument_CreationExtensions.h */ = {isa = PBXFileReference; fileEncoding = 4; lastKnownFileType = sourcecode.c.h; path = CXMLDocument_CreationExtensions.h; sourceTree = "<group>"; };
		CE7526D0157478570081CB7C /* CXMLDocument_CreationExtensions.m */ = {isa = PBXFileReference; fileEncoding = 4; lastKnownFileType = sourcecode.c.objc; path = CXMLDocument_CreationExtensions.m; sourceTree = "<group>"; };
		CE7526D1157478570081CB7C /* CXMLDocument_PrivateExtensions.h */ = {isa = PBXFileReference; fileEncoding = 4; lastKnownFileType = sourcecode.c.h; path = CXMLDocument_PrivateExtensions.h; sourceTree = "<group>"; };
		CE7526D2157478570081CB7C /* CXMLDocument_PrivateExtensions.m */ = {isa = PBXFileReference; fileEncoding = 4; lastKnownFileType = sourcecode.c.objc; path = CXMLDocument_PrivateExtensions.m; sourceTree = "<group>"; };
		CE7526D3157478570081CB7C /* CXMLElement.h */ = {isa = PBXFileReference; fileEncoding = 4; lastKnownFileType = sourcecode.c.h; path = CXMLElement.h; sourceTree = "<group>"; };
		CE7526D4157478570081CB7C /* CXMLElement.m */ = {isa = PBXFileReference; fileEncoding = 4; lastKnownFileType = sourcecode.c.objc; path = CXMLElement.m; sourceTree = "<group>"; };
		CE7526D5157478570081CB7C /* CXMLElement_CreationExtensions.h */ = {isa = PBXFileReference; fileEncoding = 4; lastKnownFileType = sourcecode.c.h; path = CXMLElement_CreationExtensions.h; sourceTree = "<group>"; };
		CE7526D6157478570081CB7C /* CXMLElement_CreationExtensions.m */ = {isa = PBXFileReference; fileEncoding = 4; lastKnownFileType = sourcecode.c.objc; path = CXMLElement_CreationExtensions.m; sourceTree = "<group>"; };
		CE7526D7157478570081CB7C /* CXMLElement_ElementTreeExtensions.h */ = {isa = PBXFileReference; fileEncoding = 4; lastKnownFileType = sourcecode.c.h; path = CXMLElement_ElementTreeExtensions.h; sourceTree = "<group>"; };
		CE7526D8157478570081CB7C /* CXMLElement_ElementTreeExtensions.m */ = {isa = PBXFileReference; fileEncoding = 4; lastKnownFileType = sourcecode.c.objc; path = CXMLElement_ElementTreeExtensions.m; sourceTree = "<group>"; };
		CE7526D9157478570081CB7C /* CXMLNamespaceNode.h */ = {isa = PBXFileReference; fileEncoding = 4; lastKnownFileType = sourcecode.c.h; path = CXMLNamespaceNode.h; sourceTree = "<group>"; };
		CE7526DA157478570081CB7C /* CXMLNamespaceNode.m */ = {isa = PBXFileReference; fileEncoding = 4; lastKnownFileType = sourcecode.c.objc; path = CXMLNamespaceNode.m; sourceTree = "<group>"; };
		CE7526DB157478570081CB7C /* CXMLNode.h */ = {isa = PBXFileReference; fileEncoding = 4; lastKnownFileType = sourcecode.c.h; path = CXMLNode.h; sourceTree = "<group>"; };
		CE7526DC157478570081CB7C /* CXMLNode.m */ = {isa = PBXFileReference; fileEncoding = 4; lastKnownFileType = sourcecode.c.objc; path = CXMLNode.m; sourceTree = "<group>"; };
		CE7526DD157478570081CB7C /* CXMLNode_CreationExtensions.h */ = {isa = PBXFileReference; fileEncoding = 4; lastKnownFileType = sourcecode.c.h; path = CXMLNode_CreationExtensions.h; sourceTree = "<group>"; };
		CE7526DE157478570081CB7C /* CXMLNode_CreationExtensions.m */ = {isa = PBXFileReference; fileEncoding = 4; lastKnownFileType = sourcecode.c.objc; path = CXMLNode_CreationExtensions.m; sourceTree = "<group>"; };
		CE7526DF157478570081CB7C /* CXMLNode_PrivateExtensions.h */ = {isa = PBXFileReference; fileEncoding = 4; lastKnownFileType = sourcecode.c.h; path = CXMLNode_PrivateExtensions.h; sourceTree = "<group>"; };
		CE7526E0157478570081CB7C /* CXMLNode_PrivateExtensions.m */ = {isa = PBXFileReference; fileEncoding = 4; lastKnownFileType = sourcecode.c.objc; path = CXMLNode_PrivateExtensions.m; sourceTree = "<group>"; };
		CE7526E1157478570081CB7C /* CXMLNode_XPathExtensions.h */ = {isa = PBXFileReference; fileEncoding = 4; lastKnownFileType = sourcecode.c.h; path = CXMLNode_XPathExtensions.h; sourceTree = "<group>"; };
		CE7526E2157478570081CB7C /* CXMLNode_XPathExtensions.m */ = {isa = PBXFileReference; fileEncoding = 4; lastKnownFileType = sourcecode.c.objc; path = CXMLNode_XPathExtensions.m; sourceTree = "<group>"; };
		CE7526E3157478570081CB7C /* TouchXML.h */ = {isa = PBXFileReference; fileEncoding = 4; lastKnownFileType = sourcecode.c.h; path = TouchXML.h; sourceTree = "<group>"; };
		CE7527101574A30A0081CB7C /* SDZUserService.h */ = {isa = PBXFileReference; fileEncoding = 4; lastKnownFileType = sourcecode.c.h; path = SDZUserService.h; sourceTree = "<group>"; };
		CE7527111574A30A0081CB7C /* SDZUserService.m */ = {isa = PBXFileReference; fileEncoding = 4; lastKnownFileType = sourcecode.c.objc; path = SDZUserService.m; sourceTree = "<group>"; };
		CE76C06615803DB2006C5320 /* whiteArrow.png */ = {isa = PBXFileReference; lastKnownFileType = image.png; path = whiteArrow.png; sourceTree = "<group>"; };
		CE76C06715803DB2006C5320 /* whiteArrow@2x.png */ = {isa = PBXFileReference; lastKnownFileType = image.png; path = "whiteArrow@2x.png"; sourceTree = "<group>"; };
		CE76C06815803DB2006C5320 /* grayArrow.png */ = {isa = PBXFileReference; lastKnownFileType = image.png; path = grayArrow.png; sourceTree = "<group>"; };
		CE76C06915803DB2006C5320 /* grayArrow@2x.png */ = {isa = PBXFileReference; lastKnownFileType = image.png; path = "grayArrow@2x.png"; sourceTree = "<group>"; };
		CE76C06A15803DB2006C5320 /* blackArrow.png */ = {isa = PBXFileReference; lastKnownFileType = image.png; path = blackArrow.png; sourceTree = "<group>"; };
		CE76C06B15803DB2006C5320 /* blackArrow@2x.png */ = {isa = PBXFileReference; lastKnownFileType = image.png; path = "blackArrow@2x.png"; sourceTree = "<group>"; };
		CE76C06C15803DB2006C5320 /* blueArrow.png */ = {isa = PBXFileReference; lastKnownFileType = image.png; path = blueArrow.png; sourceTree = "<group>"; };
		CE76C06D15803DB2006C5320 /* blueArrow@2x.png */ = {isa = PBXFileReference; lastKnownFileType = image.png; path = "blueArrow@2x.png"; sourceTree = "<group>"; };
		CE76C07A158048D5006C5320 /* EGORefreshTableHeaderView.h */ = {isa = PBXFileReference; fileEncoding = 4; lastKnownFileType = sourcecode.c.h; path = EGORefreshTableHeaderView.h; sourceTree = "<group>"; };
		CE76C07B158048D5006C5320 /* EGORefreshTableHeaderView.m */ = {isa = PBXFileReference; fileEncoding = 4; lastKnownFileType = sourcecode.c.objc; path = EGORefreshTableHeaderView.m; sourceTree = "<group>"; };
		CE77476E156DD05D00BE3B05 /* loginViewController.h */ = {isa = PBXFileReference; fileEncoding = 4; lastKnownFileType = sourcecode.c.h; path = loginViewController.h; sourceTree = "<group>"; };
		CE77476F156DD05D00BE3B05 /* loginViewController.m */ = {isa = PBXFileReference; fileEncoding = 4; lastKnownFileType = sourcecode.c.objc; path = loginViewController.m; sourceTree = "<group>"; };
		CE77477E156E1FF900BE3B05 /* registerViewController.h */ = {isa = PBXFileReference; fileEncoding = 4; lastKnownFileType = sourcecode.c.h; path = registerViewController.h; sourceTree = "<group>"; };
		CE77477F156E1FF900BE3B05 /* registerViewController.m */ = {isa = PBXFileReference; fileEncoding = 4; lastKnownFileType = sourcecode.c.objc; path = registerViewController.m; sourceTree = "<group>"; };
		CE774E8C15819C9500D46012 /* IntroTabViewController.h */ = {isa = PBXFileReference; fileEncoding = 4; lastKnownFileType = sourcecode.c.h; name = IntroTabViewController.h; path = ../IntroTabViewController.h; sourceTree = "<group>"; };
		CE774E8D15819C9500D46012 /* IntroTabViewController.m */ = {isa = PBXFileReference; fileEncoding = 4; lastKnownFileType = sourcecode.c.objc; name = IntroTabViewController.m; path = ../IntroTabViewController.m; sourceTree = "<group>"; };
		CE79124D156F1C7300EF29B8 /* button_nor.png */ = {isa = PBXFileReference; lastKnownFileType = image.png; path = button_nor.png; sourceTree = "<group>"; };
		CE79124E156F1C7300EF29B8 /* button_pressed.png */ = {isa = PBXFileReference; lastKnownFileType = image.png; path = button_pressed.png; sourceTree = "<group>"; };
		CE791256156F73CC00EF29B8 /* QuartzCore.framework */ = {isa = PBXFileReference; lastKnownFileType = wrapper.framework; name = QuartzCore.framework; path = System/Library/Frameworks/QuartzCore.framework; sourceTree = SDKROOT; };
		CE791267156F8F6200EF29B8 /* navigation_bar_bg@2x.png */ = {isa = PBXFileReference; lastKnownFileType = image.png; path = "navigation_bar_bg@2x.png"; sourceTree = "<group>"; };
		CE79E02B1585983900722D4F /* HotelIntroViewController.h */ = {isa = PBXFileReference; fileEncoding = 4; lastKnownFileType = sourcecode.c.h; path = HotelIntroViewController.h; sourceTree = "<group>"; };
		CE79E02C1585983900722D4F /* HotelIntroViewController.m */ = {isa = PBXFileReference; fileEncoding = 4; lastKnownFileType = sourcecode.c.objc; path = HotelIntroViewController.m; sourceTree = "<group>"; };
		CE79E02F15859B9800722D4F /* HotelIntroImageViewController.h */ = {isa = PBXFileReference; fileEncoding = 4; lastKnownFileType = sourcecode.c.h; path = HotelIntroImageViewController.h; sourceTree = "<group>"; };
		CE79E03015859B9800722D4F /* HotelIntroImageViewController.m */ = {isa = PBXFileReference; fileEncoding = 4; lastKnownFileType = sourcecode.c.objc; path = HotelIntroImageViewController.m; sourceTree = "<group>"; };
		CE7B29B1156A1E930055CCDD /* IntroViewController.h */ = {isa = PBXFileReference; fileEncoding = 4; lastKnownFileType = sourcecode.c.h; path = IntroViewController.h; sourceTree = "<group>"; };
		CE7B29B2156A1E930055CCDD /* IntroViewController.m */ = {isa = PBXFileReference; fileEncoding = 4; lastKnownFileType = sourcecode.c.objc; path = IntroViewController.m; sourceTree = "<group>"; };
		CE7B29B8156A3A290055CCDD /* introImageViewController.h */ = {isa = PBXFileReference; fileEncoding = 4; lastKnownFileType = sourcecode.c.h; path = introImageViewController.h; sourceTree = "<group>"; };
		CE7B29B9156A3A290055CCDD /* introImageViewController.m */ = {isa = PBXFileReference; fileEncoding = 4; lastKnownFileType = sourcecode.c.objc; path = introImageViewController.m; sourceTree = "<group>"; };
		CE7B3779157383FF001BC002 /* wsdltest.h */ = {isa = PBXFileReference; fileEncoding = 4; lastKnownFileType = sourcecode.c.h; path = wsdltest.h; sourceTree = "<group>"; };
		CE7B377A15738400001BC002 /* wsdltest.m */ = {isa = PBXFileReference; fileEncoding = 4; lastKnownFileType = sourcecode.c.objc; path = wsdltest.m; sourceTree = "<group>"; };
		CE7B713C15785F9F0059F635 /* cityListViewController.h */ = {isa = PBXFileReference; fileEncoding = 4; lastKnownFileType = sourcecode.c.h; path = cityListViewController.h; sourceTree = "<group>"; };
		CE7B713D15785F9F0059F635 /* cityListViewController.m */ = {isa = PBXFileReference; fileEncoding = 4; lastKnownFileType = sourcecode.c.objc; path = cityListViewController.m; sourceTree = "<group>"; };
		CE7C2B54156CB83900B09B7F /* h1.Jpg */ = {isa = PBXFileReference; lastKnownFileType = image.jpeg; path = h1.Jpg; sourceTree = "<group>"; };
		CE7C2B55156CB83900B09B7F /* h2.jpg */ = {isa = PBXFileReference; lastKnownFileType = image.jpeg; path = h2.jpg; sourceTree = "<group>"; };
		CE7C2B56156CB83900B09B7F /* h3.jpg */ = {isa = PBXFileReference; lastKnownFileType = image.jpeg; path = h3.jpg; sourceTree = "<group>"; };
		CE7C2B57156CB83900B09B7F /* h4.jpg */ = {isa = PBXFileReference; lastKnownFileType = image.jpeg; path = h4.jpg; sourceTree = "<group>"; };
		CE7C2B58156CB83900B09B7F /* h5.jpg */ = {isa = PBXFileReference; lastKnownFileType = image.jpeg; path = h5.jpg; sourceTree = "<group>"; };
		CE7C2B59156CB83900B09B7F /* h6.jpg */ = {isa = PBXFileReference; lastKnownFileType = image.jpeg; path = h6.jpg; sourceTree = "<group>"; };
		CE7C2B5A156CB83900B09B7F /* h7.jpg */ = {isa = PBXFileReference; lastKnownFileType = image.jpeg; path = h7.jpg; sourceTree = "<group>"; };
		CE7C2B5B156CB83900B09B7F /* h8.Jpg */ = {isa = PBXFileReference; lastKnownFileType = image.jpeg; path = h8.Jpg; sourceTree = "<group>"; };
		CE7F501415625A18007AD4A5 /* dingfang.app */ = {isa = PBXFileReference; explicitFileType = wrapper.application; includeInIndex = 0; path = dingfang.app; sourceTree = BUILT_PRODUCTS_DIR; };
		CE7F501815625A18007AD4A5 /* UIKit.framework */ = {isa = PBXFileReference; lastKnownFileType = wrapper.framework; name = UIKit.framework; path = System/Library/Frameworks/UIKit.framework; sourceTree = SDKROOT; };
		CE7F501A15625A18007AD4A5 /* Foundation.framework */ = {isa = PBXFileReference; lastKnownFileType = wrapper.framework; name = Foundation.framework; path = System/Library/Frameworks/Foundation.framework; sourceTree = SDKROOT; };
		CE7F501C15625A18007AD4A5 /* CoreGraphics.framework */ = {isa = PBXFileReference; lastKnownFileType = wrapper.framework; name = CoreGraphics.framework; path = System/Library/Frameworks/CoreGraphics.framework; sourceTree = SDKROOT; };
		CE7F502015625A18007AD4A5 /* dingfang-Info.plist */ = {isa = PBXFileReference; lastKnownFileType = text.plist.xml; path = "dingfang-Info.plist"; sourceTree = "<group>"; };
		CE7F502215625A18007AD4A5 /* en */ = {isa = PBXFileReference; lastKnownFileType = text.plist.strings; name = en; path = en.lproj/InfoPlist.strings; sourceTree = "<group>"; };
		CE7F502415625A18007AD4A5 /* main.m */ = {isa = PBXFileReference; lastKnownFileType = sourcecode.c.objc; path = main.m; sourceTree = "<group>"; };
		CE7F502615625A18007AD4A5 /* dingfang-Prefix.pch */ = {isa = PBXFileReference; lastKnownFileType = sourcecode.c.h; path = "dingfang-Prefix.pch"; sourceTree = "<group>"; };
		CE7F502715625A18007AD4A5 /* dfAppDelegate.h */ = {isa = PBXFileReference; lastKnownFileType = sourcecode.c.h; path = dfAppDelegate.h; sourceTree = "<group>"; };
		CE7F502815625A18007AD4A5 /* dfAppDelegate.m */ = {isa = PBXFileReference; lastKnownFileType = sourcecode.c.objc; path = dfAppDelegate.m; sourceTree = "<group>"; };
		CE7F502B15625A18007AD4A5 /* en */ = {isa = PBXFileReference; lastKnownFileType = file.storyboard; name = en; path = en.lproj/MainStoryboard.storyboard; sourceTree = "<group>"; };
		CE7F502D15625A18007AD4A5 /* dfViewController.h */ = {isa = PBXFileReference; lastKnownFileType = sourcecode.c.h; path = dfViewController.h; sourceTree = "<group>"; };
		CE7F502E15625A18007AD4A5 /* dfViewController.m */ = {isa = PBXFileReference; lastKnownFileType = sourcecode.c.objc; path = dfViewController.m; sourceTree = "<group>"; };
		CE7FAF20156B2E2100EEAB8F /* 01.png */ = {isa = PBXFileReference; lastKnownFileType = image.png; path = 01.png; sourceTree = "<group>"; };
		CE7FAF21156B2E2100EEAB8F /* 02.png */ = {isa = PBXFileReference; lastKnownFileType = image.png; path = 02.png; sourceTree = "<group>"; };
		CE7FAF22156B2E2100EEAB8F /* 03.png */ = {isa = PBXFileReference; lastKnownFileType = image.png; path = 03.png; sourceTree = "<group>"; };
		CEA8C7531564A7A7009D4453 /* coffee_cup.png */ = {isa = PBXFileReference; lastKnownFileType = image.png; path = coffee_cup.png; sourceTree = "<group>"; };
		CEA8C7561564A829009D4453 /* userPhoto.png */ = {isa = PBXFileReference; lastKnownFileType = image.png; path = userPhoto.png; sourceTree = "<group>"; };
		CEA8C7581564A882009D4453 /* user.png */ = {isa = PBXFileReference; lastKnownFileType = image.png; path = user.png; sourceTree = "<group>"; };
		CEA8C7771564E5B9009D4453 /* areabtn.png */ = {isa = PBXFileReference; lastKnownFileType = image.png; path = areabtn.png; sourceTree = "<group>"; };
		CEEC373C1563457300B888A0 /* LCEOpAjXO_wood.jpeg */ = {isa = PBXFileReference; lastKnownFileType = image.jpeg; path = LCEOpAjXO_wood.jpeg; sourceTree = "<group>"; };
		CEEC378A15638A0400B888A0 /* BIDTaskListController.h */ = {isa = PBXFileReference; fileEncoding = 4; lastKnownFileType = sourcecode.c.h; path = BIDTaskListController.h; sourceTree = "<group>"; };
		CEEC378B15638A0400B888A0 /* BIDTaskListController.m */ = {isa = PBXFileReference; fileEncoding = 4; lastKnownFileType = sourcecode.c.objc; path = BIDTaskListController.m; sourceTree = "<group>"; };
		CEF9DE531573455800BB15CD /* detailinfonavbg.png */ = {isa = PBXFileReference; lastKnownFileType = image.png; path = detailinfonavbg.png; sourceTree = "<group>"; };
		CEF9DE541573455800BB15CD /* detailinfonavbg@2x.png */ = {isa = PBXFileReference; lastKnownFileType = image.png; path = "detailinfonavbg@2x.png"; sourceTree = "<group>"; };
/* End PBXFileReference section */

/* Begin PBXFrameworksBuildPhase section */
		CE7F501115625A18007AD4A5 /* Frameworks */ = {
			isa = PBXFrameworksBuildPhase;
			buildActionMask = 2147483647;
			files = (
				CE3DF69C1585D9F4008A638A /* ImageIO.framework in Frameworks */,
				CE75268E157477300081CB7C /* SystemConfiguration.framework in Frameworks */,
				CE75267F15745A6B0081CB7C /* libxml2.dylib in Frameworks */,
				CE791258156F73DB00EF29B8 /* QuartzCore.framework in Frameworks */,
				CE7F501D15625A18007AD4A5 /* CoreGraphics.framework in Frameworks */,
				CE7F501915625A18007AD4A5 /* UIKit.framework in Frameworks */,
				CE7F501B15625A18007AD4A5 /* Foundation.framework in Frameworks */,
			);
			runOnlyForDeploymentPostprocessing = 0;
		};
/* End PBXFrameworksBuildPhase section */

/* Begin PBXGroup section */
		CE3DF6B91585EF62008A638A /* SDWebImage */ = {
			isa = PBXGroup;
			children = (
				CE3DF6BC1585EF62008A638A /* SDImageCache.h */,
				CE3DF6BD1585EF62008A638A /* SDImageCache.m */,
				CE3DF6BE1585EF62008A638A /* SDImageCacheDelegate.h */,
				CE3DF6BF1585EF62008A638A /* SDWebImageCompat.h */,
				CE3DF6C01585EF62008A638A /* SDWebImageDecoder.h */,
				CE3DF6C11585EF62008A638A /* SDWebImageDecoder.m */,
				CE3DF6C21585EF62008A638A /* SDWebImageDownloader.h */,
				CE3DF6C31585EF62008A638A /* SDWebImageDownloader.m */,
				CE3DF6C41585EF62008A638A /* SDWebImageDownloaderDelegate.h */,
				CE3DF6C51585EF62008A638A /* SDWebImageManager.h */,
				CE3DF6C61585EF62008A638A /* SDWebImageManager.m */,
				CE3DF6C71585EF62008A638A /* SDWebImageManagerDelegate.h */,
				CE3DF6C81585EF62008A638A /* SDWebImagePrefetcher.h */,
				CE3DF6C91585EF62008A638A /* SDWebImagePrefetcher.m */,
				CE3DF6CA1585EF62008A638A /* UIButton+WebCache.h */,
				CE3DF6CB1585EF62008A638A /* UIButton+WebCache.m */,
				CE3DF6CC1585EF62008A638A /* UIImageView+WebCache.h */,
				CE3DF6CD1585EF62008A638A /* UIImageView+WebCache.m */,
			);
			path = SDWebImage;
			sourceTree = "<group>";
		};
		CE75268F157478570081CB7C /* Generated */ = {
			isa = PBXGroup;
			children = (
				CE752690157478570081CB7C /* SDZArrayOfHotel.h */,
				CE752691157478570081CB7C /* SDZArrayOfHotel.m */,
				CE752692157478570081CB7C /* SDZcityHotelList.h */,
				CE752693157478570081CB7C /* SDZcityHotelList.m */,
				CE752694157478570081CB7C /* SDZcityList.h */,
				CE752695157478570081CB7C /* SDZcityList.m */,
				CE752696157478570081CB7C /* SDZHotel.h */,
				CE752697157478570081CB7C /* SDZHotel.m */,
				CE752698157478570081CB7C /* SDZhotelDengJiList.h */,
				CE752699157478570081CB7C /* SDZhotelDengJiList.m */,
				CE75269A157478570081CB7C /* SDZServices.h */,
				CE75269B157478570081CB7C /* SDZServices.m */,
				CE75269C157478570081CB7C /* SDZstring2ArrayOfHotelMap.h */,
				CE75269D157478570081CB7C /* SDZstring2ArrayOfHotelMap.m */,
				CE75269E157478570081CB7C /* SDZUser.h */,
				CE75269F157478570081CB7C /* SDZUser.m */,
				CE7526A0157478570081CB7C /* SDZYuDingComment.h */,
				CE7526A1157478570081CB7C /* SDZYuDingComment.m */,
				CE7526A2157478570081CB7C /* SDZYuDingCommentList.h */,
				CE7526A3157478570081CB7C /* SDZYuDingCommentList.m */,
				CE7526A4157478570081CB7C /* SDZYuDingRoom.h */,
				CE7526A5157478570081CB7C /* SDZYuDingRoom.m */,
				CE7526A6157478570081CB7C /* SDZYuDingRoomList.h */,
				CE7526A7157478570081CB7C /* SDZYuDingRoomList.m */,
				CE7526A8157478570081CB7C /* SDZYuDingRoomService.h */,
				CE7526A9157478570081CB7C /* SDZYuDingRoomService.m */,
				CE7526AA157478570081CB7C /* Soap+Prefix.h */,
				CE7526AB157478570081CB7C /* Soap+Prefix.m */,
				CE7527101574A30A0081CB7C /* SDZUserService.h */,
				CE7527111574A30A0081CB7C /* SDZUserService.m */,
			);
			path = Generated;
			sourceTree = "<group>";
		};
		CE7526AC157478570081CB7C /* Soap */ = {
			isa = PBXGroup;
			children = (
				CE7526AD157478570081CB7C /* NSData+Base64.h */,
				CE7526AE157478570081CB7C /* NSData+Base64.m */,
				CE7526AF157478570081CB7C /* NSMutableArray+Soap.h */,
				CE7526B0157478570081CB7C /* NSMutableArray+Soap.m */,
				CE7526B1157478570081CB7C /* Soap.h */,
				CE7526B2157478570081CB7C /* Soap.m */,
				CE7526B3157478570081CB7C /* SoapArray.h */,
				CE7526B4157478570081CB7C /* SoapArray.m */,
				CE7526B5157478570081CB7C /* SoapDelegate.h */,
				CE7526B6157478570081CB7C /* SoapFault.h */,
				CE7526B7157478570081CB7C /* SoapFault.m */,
				CE7526B8157478570081CB7C /* SoapHandler.h */,
				CE7526B9157478570081CB7C /* SoapHandler.m */,
				CE7526BA157478570081CB7C /* SoapLiteral.h */,
				CE7526BB157478570081CB7C /* SoapLiteral.m */,
				CE7526BC157478570081CB7C /* SoapNil.h */,
				CE7526BD157478570081CB7C /* SoapNil.m */,
				CE7526BE157478570081CB7C /* SoapObject.h */,
				CE7526BF157478570081CB7C /* SoapObject.m */,
				CE7526C0157478570081CB7C /* SoapParameter.h */,
				CE7526C1157478570081CB7C /* SoapParameter.m */,
				CE7526C2157478570081CB7C /* SoapReachability.h */,
				CE7526C3157478570081CB7C /* SoapReachability.m */,
				CE7526C4157478570081CB7C /* SoapRequest.h */,
				CE7526C5157478570081CB7C /* SoapRequest.m */,
				CE7526C6157478570081CB7C /* SoapService.h */,
				CE7526C7157478570081CB7C /* SoapService.m */,
			);
			path = Soap;
			sourceTree = "<group>";
		};
		CE7526C8157478570081CB7C /* TouchXML */ = {
			isa = PBXGroup;
			children = (
				CE7526C9157478570081CB7C /* CTidy.h */,
				CE7526CA157478570081CB7C /* CTidy.m */,
				CE7526CB157478570081CB7C /* CXHTMLDocument.h */,
				CE7526CC157478570081CB7C /* CXHTMLDocument.m */,
				CE7526CD157478570081CB7C /* CXMLDocument.h */,
				CE7526CE157478570081CB7C /* CXMLDocument.m */,
				CE7526CF157478570081CB7C /* CXMLDocument_CreationExtensions.h */,
				CE7526D0157478570081CB7C /* CXMLDocument_CreationExtensions.m */,
				CE7526D1157478570081CB7C /* CXMLDocument_PrivateExtensions.h */,
				CE7526D2157478570081CB7C /* CXMLDocument_PrivateExtensions.m */,
				CE7526D3157478570081CB7C /* CXMLElement.h */,
				CE7526D4157478570081CB7C /* CXMLElement.m */,
				CE7526D5157478570081CB7C /* CXMLElement_CreationExtensions.h */,
				CE7526D6157478570081CB7C /* CXMLElement_CreationExtensions.m */,
				CE7526D7157478570081CB7C /* CXMLElement_ElementTreeExtensions.h */,
				CE7526D8157478570081CB7C /* CXMLElement_ElementTreeExtensions.m */,
				CE7526D9157478570081CB7C /* CXMLNamespaceNode.h */,
				CE7526DA157478570081CB7C /* CXMLNamespaceNode.m */,
				CE7526DB157478570081CB7C /* CXMLNode.h */,
				CE7526DC157478570081CB7C /* CXMLNode.m */,
				CE7526DD157478570081CB7C /* CXMLNode_CreationExtensions.h */,
				CE7526DE157478570081CB7C /* CXMLNode_CreationExtensions.m */,
				CE7526DF157478570081CB7C /* CXMLNode_PrivateExtensions.h */,
				CE7526E0157478570081CB7C /* CXMLNode_PrivateExtensions.m */,
				CE7526E1157478570081CB7C /* CXMLNode_XPathExtensions.h */,
				CE7526E2157478570081CB7C /* CXMLNode_XPathExtensions.m */,
				CE7526E3157478570081CB7C /* TouchXML.h */,
			);
			path = TouchXML;
			sourceTree = "<group>";
		};
		CE7F500915625A18007AD4A5 = {
			isa = PBXGroup;
			children = (
				CE3DF69B1585D9F4008A638A /* ImageIO.framework */,
				CE75268D157477300081CB7C /* SystemConfiguration.framework */,
				CE75267E15745A6B0081CB7C /* libxml2.dylib */,
				CE7F501E15625A18007AD4A5 /* dingfang */,
				CEEC373A1563456000B888A0 /* Resources */,
				CE7F501715625A18007AD4A5 /* Frameworks */,
				CE7F501515625A18007AD4A5 /* Products */,
			);
			sourceTree = "<group>";
		};
		CE7F501515625A18007AD4A5 /* Products */ = {
			isa = PBXGroup;
			children = (
				CE7F501415625A18007AD4A5 /* dingfang.app */,
			);
			name = Products;
			sourceTree = "<group>";
		};
		CE7F501715625A18007AD4A5 /* Frameworks */ = {
			isa = PBXGroup;
			children = (
				CE791256156F73CC00EF29B8 /* QuartzCore.framework */,
				CE7F501815625A18007AD4A5 /* UIKit.framework */,
				CE7F501A15625A18007AD4A5 /* Foundation.framework */,
				CE7F501C15625A18007AD4A5 /* CoreGraphics.framework */,
			);
			name = Frameworks;
			sourceTree = "<group>";
		};
		CE7F501E15625A18007AD4A5 /* dingfang */ = {
			isa = PBXGroup;
			children = (
				CE3DF6B91585EF62008A638A /* SDWebImage */,
				CE75268F157478570081CB7C /* Generated */,
				CE7526AC157478570081CB7C /* Soap */,
				CE7526C8157478570081CB7C /* TouchXML */,
				CE7B29B8156A3A290055CCDD /* introImageViewController.h */,
				CE7B29B9156A3A290055CCDD /* introImageViewController.m */,
				CE79E02F15859B9800722D4F /* HotelIntroImageViewController.h */,
				CE79E03015859B9800722D4F /* HotelIntroImageViewController.m */,
				CE7F502715625A18007AD4A5 /* dfAppDelegate.h */,
				CE7F502815625A18007AD4A5 /* dfAppDelegate.m */,
				CE7F502A15625A18007AD4A5 /* MainStoryboard.storyboard */,
				CE7F502D15625A18007AD4A5 /* dfViewController.h */,
				CE7F502E15625A18007AD4A5 /* dfViewController.m */,
				CEEC378A15638A0400B888A0 /* BIDTaskListController.h */,
				CEEC378B15638A0400B888A0 /* BIDTaskListController.m */,
				CE76C07A158048D5006C5320 /* EGORefreshTableHeaderView.h */,
				CE76C07B158048D5006C5320 /* EGORefreshTableHeaderView.m */,
				CE774E8C15819C9500D46012 /* IntroTabViewController.h */,
				CE774E8D15819C9500D46012 /* IntroTabViewController.m */,
				CE7B29B1156A1E930055CCDD /* IntroViewController.h */,
				CE7B29B2156A1E930055CCDD /* IntroViewController.m */,
				CE79E02B1585983900722D4F /* HotelIntroViewController.h */,
				CE79E02C1585983900722D4F /* HotelIntroViewController.m */,
				CE77476E156DD05D00BE3B05 /* loginViewController.h */,
				CE77476F156DD05D00BE3B05 /* loginViewController.m */,
				CE77477E156E1FF900BE3B05 /* registerViewController.h */,
				CE77477F156E1FF900BE3B05 /* registerViewController.m */,
				CE7B3779157383FF001BC002 /* wsdltest.h */,
				CE7B377A15738400001BC002 /* wsdltest.m */,
				CE7B713C15785F9F0059F635 /* cityListViewController.h */,
				CE7B713D15785F9F0059F635 /* cityListViewController.m */,
				CE7F501F15625A18007AD4A5 /* Supporting Files */,
			);
			path = dingfang;
			sourceTree = "<group>";
		};
		CE7F501F15625A18007AD4A5 /* Supporting Files */ = {
			isa = PBXGroup;
			children = (
				CE7F502015625A18007AD4A5 /* dingfang-Info.plist */,
				CE7F502115625A18007AD4A5 /* InfoPlist.strings */,
				CE7F502415625A18007AD4A5 /* main.m */,
				CE7F502615625A18007AD4A5 /* dingfang-Prefix.pch */,
			);
			name = "Supporting Files";
			sourceTree = "<group>";
		};
		CEEC373A1563456000B888A0 /* Resources */ = {
			isa = PBXGroup;
			children = (
				CE76C06615803DB2006C5320 /* whiteArrow.png */,
				CE76C06715803DB2006C5320 /* whiteArrow@2x.png */,
				CE76C06815803DB2006C5320 /* grayArrow.png */,
				CE76C06915803DB2006C5320 /* grayArrow@2x.png */,
				CE76C06A15803DB2006C5320 /* blackArrow.png */,
				CE76C06B15803DB2006C5320 /* blackArrow@2x.png */,
				CE76C06C15803DB2006C5320 /* blueArrow.png */,
				CE76C06D15803DB2006C5320 /* blueArrow@2x.png */,
				CEF9DE531573455800BB15CD /* detailinfonavbg.png */,
				CEF9DE541573455800BB15CD /* detailinfonavbg@2x.png */,
				CE791267156F8F6200EF29B8 /* navigation_bar_bg@2x.png */,
				CE79124D156F1C7300EF29B8 /* button_nor.png */,
				CE79124E156F1C7300EF29B8 /* button_pressed.png */,
				CE7C2B54156CB83900B09B7F /* h1.Jpg */,
				CE7C2B55156CB83900B09B7F /* h2.jpg */,
				CE7C2B56156CB83900B09B7F /* h3.jpg */,
				CE7C2B57156CB83900B09B7F /* h4.jpg */,
				CE7C2B58156CB83900B09B7F /* h5.jpg */,
				CE7C2B59156CB83900B09B7F /* h6.jpg */,
				CE7C2B5A156CB83900B09B7F /* h7.jpg */,
				CE7C2B5B156CB83900B09B7F /* h8.Jpg */,
				CE7FAF20156B2E2100EEAB8F /* 01.png */,
				CE7FAF21156B2E2100EEAB8F /* 02.png */,
				CE7FAF22156B2E2100EEAB8F /* 03.png */,
				CEA8C7771564E5B9009D4453 /* areabtn.png */,
				CEA8C7581564A882009D4453 /* user.png */,
				CEA8C7561564A829009D4453 /* userPhoto.png */,
				CEA8C7531564A7A7009D4453 /* coffee_cup.png */,
				CEEC373C1563457300B888A0 /* LCEOpAjXO_wood.jpeg */,
			);
			name = Resources;
			sourceTree = "<group>";
		};
/* End PBXGroup section */

/* Begin PBXNativeTarget section */
		CE7F501315625A18007AD4A5 /* dingfang */ = {
			isa = PBXNativeTarget;
			buildConfigurationList = CE7F503215625A18007AD4A5 /* Build configuration list for PBXNativeTarget "dingfang" */;
			buildPhases = (
				CE7F501015625A18007AD4A5 /* Sources */,
				CE7F501115625A18007AD4A5 /* Frameworks */,
				CE7F501215625A18007AD4A5 /* Resources */,
			);
			buildRules = (
			);
			dependencies = (
			);
			name = dingfang;
			productName = dingfang;
			productReference = CE7F501415625A18007AD4A5 /* dingfang.app */;
			productType = "com.apple.product-type.application";
		};
/* End PBXNativeTarget section */

/* Begin PBXProject section */
		CE7F500B15625A18007AD4A5 /* Project object */ = {
			isa = PBXProject;
			attributes = {
				CLASSPREFIX = df;
				LastUpgradeCheck = 0430;
			};
			buildConfigurationList = CE7F500E15625A18007AD4A5 /* Build configuration list for PBXProject "dingfang" */;
			compatibilityVersion = "Xcode 3.2";
			developmentRegion = English;
			hasScannedForEncodings = 0;
			knownRegions = (
				en,
			);
			mainGroup = CE7F500915625A18007AD4A5;
			productRefGroup = CE7F501515625A18007AD4A5 /* Products */;
			projectDirPath = "";
			projectRoot = "";
			targets = (
				CE7F501315625A18007AD4A5 /* dingfang */,
			);
		};
/* End PBXProject section */

/* Begin PBXResourcesBuildPhase section */
		CE7F501215625A18007AD4A5 /* Resources */ = {
			isa = PBXResourcesBuildPhase;
			buildActionMask = 2147483647;
			files = (
				CE7F502315625A18007AD4A5 /* InfoPlist.strings in Resources */,
				CE7F502C15625A18007AD4A5 /* MainStoryboard.storyboard in Resources */,
				CEEC373D1563457300B888A0 /* LCEOpAjXO_wood.jpeg in Resources */,
				CEA8C7541564A7A7009D4453 /* coffee_cup.png in Resources */,
				CEA8C7571564A829009D4453 /* userPhoto.png in Resources */,
				CEA8C7591564A882009D4453 /* user.png in Resources */,
				CEA8C7781564E5B9009D4453 /* areabtn.png in Resources */,
				CE7FAF23156B2E2100EEAB8F /* 01.png in Resources */,
				CE7FAF24156B2E2100EEAB8F /* 02.png in Resources */,
				CE7FAF25156B2E2100EEAB8F /* 03.png in Resources */,
				CE7C2B5C156CB83900B09B7F /* h1.Jpg in Resources */,
				CE7C2B5D156CB83900B09B7F /* h2.jpg in Resources */,
				CE7C2B5E156CB83900B09B7F /* h3.jpg in Resources */,
				CE7C2B5F156CB83900B09B7F /* h4.jpg in Resources */,
				CE7C2B60156CB83900B09B7F /* h5.jpg in Resources */,
				CE7C2B61156CB83900B09B7F /* h6.jpg in Resources */,
				CE7C2B62156CB83900B09B7F /* h7.jpg in Resources */,
				CE7C2B63156CB83900B09B7F /* h8.Jpg in Resources */,
				CE79124F156F1C7300EF29B8 /* button_nor.png in Resources */,
				CE791250156F1C7300EF29B8 /* button_pressed.png in Resources */,
				CE791268156F8F6200EF29B8 /* navigation_bar_bg@2x.png in Resources */,
				CEF9DE551573455800BB15CD /* detailinfonavbg.png in Resources */,
				CEF9DE561573455800BB15CD /* detailinfonavbg@2x.png in Resources */,
				CE76C06E15803DB2006C5320 /* whiteArrow.png in Resources */,
				CE76C06F15803DB2006C5320 /* whiteArrow@2x.png in Resources */,
				CE76C07015803DB2006C5320 /* grayArrow.png in Resources */,
				CE76C07115803DB2006C5320 /* grayArrow@2x.png in Resources */,
				CE76C07215803DB2006C5320 /* blackArrow.png in Resources */,
				CE76C07315803DB2006C5320 /* blackArrow@2x.png in Resources */,
				CE76C07415803DB2006C5320 /* blueArrow.png in Resources */,
				CE76C07515803DB2006C5320 /* blueArrow@2x.png in Resources */,
			);
			runOnlyForDeploymentPostprocessing = 0;
		};
/* End PBXResourcesBuildPhase section */

/* Begin PBXSourcesBuildPhase section */
		CE7F501015625A18007AD4A5 /* Sources */ = {
			isa = PBXSourcesBuildPhase;
			buildActionMask = 2147483647;
			files = (
				CE7F502515625A18007AD4A5 /* main.m in Sources */,
				CE7F502915625A18007AD4A5 /* dfAppDelegate.m in Sources */,
				CE7F502F15625A18007AD4A5 /* dfViewController.m in Sources */,
				CEEC378C15638A0400B888A0 /* BIDTaskListController.m in Sources */,
				CE7B29B3156A1E930055CCDD /* IntroViewController.m in Sources */,
				CE7B29BA156A3A290055CCDD /* introImageViewController.m in Sources */,
				CE774770156DD05D00BE3B05 /* loginViewController.m in Sources */,
				CE774780156E1FF900BE3B05 /* registerViewController.m in Sources */,
				CE7B377B15738400001BC002 /* wsdltest.m in Sources */,
				CE7526E4157478580081CB7C /* SDZArrayOfHotel.m in Sources */,
				CE7526E5157478580081CB7C /* SDZcityHotelList.m in Sources */,
				CE7526E6157478580081CB7C /* SDZcityList.m in Sources */,
				CE7526E7157478580081CB7C /* SDZHotel.m in Sources */,
				CE7526E8157478580081CB7C /* SDZhotelDengJiList.m in Sources */,
				CE7526E9157478580081CB7C /* SDZServices.m in Sources */,
				CE7526EA157478580081CB7C /* SDZstring2ArrayOfHotelMap.m in Sources */,
				CE7526EB157478580081CB7C /* SDZUser.m in Sources */,
				CE7526EC157478580081CB7C /* SDZYuDingComment.m in Sources */,
				CE7526ED157478580081CB7C /* SDZYuDingCommentList.m in Sources */,
				CE7526EE157478580081CB7C /* SDZYuDingRoom.m in Sources */,
				CE7526EF157478580081CB7C /* SDZYuDingRoomList.m in Sources */,
				CE7526F0157478580081CB7C /* SDZYuDingRoomService.m in Sources */,
				CE7526F1157478580081CB7C /* Soap+Prefix.m in Sources */,
				CE7526F2157478580081CB7C /* NSData+Base64.m in Sources */,
				CE7526F3157478580081CB7C /* NSMutableArray+Soap.m in Sources */,
				CE7526F4157478580081CB7C /* Soap.m in Sources */,
				CE7526F5157478580081CB7C /* SoapArray.m in Sources */,
				CE7526F6157478580081CB7C /* SoapFault.m in Sources */,
				CE7526F7157478580081CB7C /* SoapHandler.m in Sources */,
				CE7526F8157478580081CB7C /* SoapLiteral.m in Sources */,
				CE7526F9157478580081CB7C /* SoapNil.m in Sources */,
				CE7526FA157478580081CB7C /* SoapObject.m in Sources */,
				CE7526FB157478580081CB7C /* SoapParameter.m in Sources */,
				CE7526FC157478580081CB7C /* SoapReachability.m in Sources */,
				CE7526FD157478580081CB7C /* SoapRequest.m in Sources */,
				CE7526FE157478580081CB7C /* SoapService.m in Sources */,
				CE7526FF157478580081CB7C /* CTidy.m in Sources */,
				CE752700157478580081CB7C /* CXHTMLDocument.m in Sources */,
				CE752701157478580081CB7C /* CXMLDocument.m in Sources */,
				CE752702157478580081CB7C /* CXMLDocument_CreationExtensions.m in Sources */,
				CE752703157478580081CB7C /* CXMLDocument_PrivateExtensions.m in Sources */,
				CE752704157478580081CB7C /* CXMLElement.m in Sources */,
				CE752705157478580081CB7C /* CXMLElement_CreationExtensions.m in Sources */,
				CE752706157478580081CB7C /* CXMLElement_ElementTreeExtensions.m in Sources */,
				CE752707157478580081CB7C /* CXMLNamespaceNode.m in Sources */,
				CE752708157478580081CB7C /* CXMLNode.m in Sources */,
				CE752709157478580081CB7C /* CXMLNode_CreationExtensions.m in Sources */,
				CE75270A157478580081CB7C /* CXMLNode_PrivateExtensions.m in Sources */,
				CE75270B157478580081CB7C /* CXMLNode_XPathExtensions.m in Sources */,
				CE7527121574A30A0081CB7C /* SDZUserService.m in Sources */,
				CE7B713E15785F9F0059F635 /* cityListViewController.m in Sources */,
				CE76C07C158048D5006C5320 /* EGORefreshTableHeaderView.m in Sources */,
				CE774E8E15819C9500D46012 /* IntroTabViewController.m in Sources */,
				CE79E02D1585983900722D4F /* HotelIntroViewController.m in Sources */,
				CE79E03115859B9800722D4F /* HotelIntroImageViewController.m in Sources */,
				CE3DF6CF1585EF62008A638A /* SDImageCache.m in Sources */,
				CE3DF6D01585EF62008A638A /* SDWebImageDecoder.m in Sources */,
				CE3DF6D11585EF62008A638A /* SDWebImageDownloader.m in Sources */,
				CE3DF6D21585EF62008A638A /* SDWebImageManager.m in Sources */,
				CE3DF6D31585EF62008A638A /* SDWebImagePrefetcher.m in Sources */,
				CE3DF6D41585EF62008A638A /* UIButton+WebCache.m in Sources */,
				CE3DF6D51585EF62008A638A /* UIImageView+WebCache.m in Sources */,
			);
			runOnlyForDeploymentPostprocessing = 0;
		};
/* End PBXSourcesBuildPhase section */

/* Begin PBXVariantGroup section */
		CE7F502115625A18007AD4A5 /* InfoPlist.strings */ = {
			isa = PBXVariantGroup;
			children = (
				CE7F502215625A18007AD4A5 /* en */,
			);
			name = InfoPlist.strings;
			sourceTree = "<group>";
		};
		CE7F502A15625A18007AD4A5 /* MainStoryboard.storyboard */ = {
			isa = PBXVariantGroup;
			children = (
				CE7F502B15625A18007AD4A5 /* en */,
			);
			name = MainStoryboard.storyboard;
			sourceTree = "<group>";
		};
/* End PBXVariantGroup section */

/* Begin XCBuildConfiguration section */
		CE7F503015625A18007AD4A5 /* Debug */ = {
			isa = XCBuildConfiguration;
			buildSettings = {
				ALWAYS_SEARCH_USER_PATHS = NO;
				ARCHS = "$(ARCHS_STANDARD_32_BIT)";
				CLANG_ENABLE_OBJC_ARC = YES;
				"CODE_SIGN_IDENTITY[sdk=iphoneos*]" = "iPhone Developer";
				COPY_PHASE_STRIP = NO;
				GCC_C_LANGUAGE_STANDARD = gnu99;
				GCC_DYNAMIC_NO_PIC = NO;
				GCC_OPTIMIZATION_LEVEL = 0;
				GCC_PREPROCESSOR_DEFINITIONS = (
					"DEBUG=1",
					"$(inherited)",
				);
				GCC_SYMBOLS_PRIVATE_EXTERN = NO;
				GCC_VERSION = com.apple.compilers.llvm.clang.1_0;
				GCC_WARN_ABOUT_RETURN_TYPE = YES;
				GCC_WARN_UNINITIALIZED_AUTOS = YES;
				GCC_WARN_UNUSED_VARIABLE = YES;
				IPHONEOS_DEPLOYMENT_TARGET = 5.1;
				SDKROOT = iphoneos;
			};
			name = Debug;
		};
		CE7F503115625A18007AD4A5 /* Release */ = {
			isa = XCBuildConfiguration;
			buildSettings = {
				ALWAYS_SEARCH_USER_PATHS = NO;
				ARCHS = "$(ARCHS_STANDARD_32_BIT)";
				CLANG_ENABLE_OBJC_ARC = YES;
				"CODE_SIGN_IDENTITY[sdk=iphoneos*]" = "iPhone Developer";
				COPY_PHASE_STRIP = YES;
				GCC_C_LANGUAGE_STANDARD = gnu99;
				GCC_VERSION = com.apple.compilers.llvm.clang.1_0;
				GCC_WARN_ABOUT_RETURN_TYPE = YES;
				GCC_WARN_UNINITIALIZED_AUTOS = YES;
				GCC_WARN_UNUSED_VARIABLE = YES;
				IPHONEOS_DEPLOYMENT_TARGET = 5.1;
				OTHER_CFLAGS = "-DNS_BLOCK_ASSERTIONS=1";
				SDKROOT = iphoneos;
				VALIDATE_PRODUCT = YES;
			};
			name = Release;
		};
		CE7F503315625A18007AD4A5 /* Debug */ = {
			isa = XCBuildConfiguration;
			buildSettings = {
				GCC_PRECOMPILE_PREFIX_HEADER = YES;
				GCC_PREFIX_HEADER = "dingfang/dingfang-Prefix.pch";
				HEADER_SEARCH_PATHS = "$(SDKROOT)/usr/include/libxml2";
				"HEADER_SEARCH_PATHS[arch=*]" = "$(SDKROOT)/usr/include/libxml2";
				INFOPLIST_FILE = "dingfang/dingfang-Info.plist";
				OTHER_LDFLAGS = "-lxml2";
				"OTHER_LDFLAGS[arch=*]" = "-lxml2";
				PRODUCT_NAME = "$(TARGET_NAME)";
				USER_HEADER_SEARCH_PATHS = /usr/include/libxml2;
				"USER_HEADER_SEARCH_PATHS[arch=*]" = /usr/include/libxml2;
				WRAPPER_EXTENSION = app;
			};
			name = Debug;
		};
		CE7F503415625A18007AD4A5 /* Release */ = {
			isa = XCBuildConfiguration;
			buildSettings = {
				GCC_PRECOMPILE_PREFIX_HEADER = YES;
				GCC_PREFIX_HEADER = "dingfang/dingfang-Prefix.pch";
				HEADER_SEARCH_PATHS = "$(SDKROOT)/usr/include/libxml2";
				INFOPLIST_FILE = "dingfang/dingfang-Info.plist";
				OTHER_LDFLAGS = "-lxml2";
				PRODUCT_NAME = "$(TARGET_NAME)";
				USER_HEADER_SEARCH_PATHS = "$(SDKROOT)/usr/include/libxml2 $(OBJROOT)/UninstalledProducts/include $(TARGET_BUILD_DIR)/usr/local/lib/include";
				WRAPPER_EXTENSION = app;
			};
			name = Release;
		};
/* End XCBuildConfiguration section */

/* Begin XCConfigurationList section */
		CE7F500E15625A18007AD4A5 /* Build configuration list for PBXProject "dingfang" */ = {
			isa = XCConfigurationList;
			buildConfigurations = (
				CE7F503015625A18007AD4A5 /* Debug */,
				CE7F503115625A18007AD4A5 /* Release */,
			);
			defaultConfigurationIsVisible = 0;
			defaultConfigurationName = Release;
		};
		CE7F503215625A18007AD4A5 /* Build configuration list for PBXNativeTarget "dingfang" */ = {
			isa = XCConfigurationList;
			buildConfigurations = (
				CE7F503315625A18007AD4A5 /* Debug */,
				CE7F503415625A18007AD4A5 /* Release */,
			);
			defaultConfigurationIsVisible = 0;
			defaultConfigurationName = Release;
		};
/* End XCConfigurationList section */
	};
	rootObject = CE7F500B15625A18007AD4A5 /* Project object */;
}
